// !$*UTF8*$!
{
	archiveVersion = 1;
	classes = {
	};
	objectVersion = 50;
	objects = {

/* Begin PBXBuildFile section */
		2A1BFD5424A5B8D400703EAB /* AboutModal.swift in Sources */ = {isa = PBXBuildFile; fileRef = 2A1BFD5324A5B8D400703EAB /* AboutModal.swift */; };
		2A1BFD5624A5C3E000703EAB /* MapModal.swift in Sources */ = {isa = PBXBuildFile; fileRef = 2A1BFD5524A5C3E000703EAB /* MapModal.swift */; };
		2A1BFD9C24ABD48E00703EAB /* RouteMap.swift in Sources */ = {isa = PBXBuildFile; fileRef = 2A1BFD9B24ABD48E00703EAB /* RouteMap.swift */; };
		2A1BFDF524B63BCC00703EAB /* Bundle+Decode.swift in Sources */ = {isa = PBXBuildFile; fileRef = 2A1BFDF424B63BCC00703EAB /* Bundle+Decode.swift */; };
		2A1BFDF724B64E1100703EAB /* RouteMapsStore.swift in Sources */ = {isa = PBXBuildFile; fileRef = 2A1BFDF624B64E1100703EAB /* RouteMapsStore.swift */; };
		2A4C6F78252EEC5400FA34CB /* LineNoServiceRow.swift in Sources */ = {isa = PBXBuildFile; fileRef = 2A4C6F77252EEC5400FA34CB /* LineNoServiceRow.swift */; };
		2A68559924A33CAA006A8941 /* RouteDestinationTable.swift in Sources */ = {isa = PBXBuildFile; fileRef = 2A68559824A33CAA006A8941 /* RouteDestinationTable.swift */; };
		2A68559B24A33CC0006A8941 /* RouteDestinationRow.swift in Sources */ = {isa = PBXBuildFile; fileRef = 2A68559A24A33CC0006A8941 /* RouteDestinationRow.swift */; };
		2A68559D24A3B0B5006A8941 /* RouteDestination.swift in Sources */ = {isa = PBXBuildFile; fileRef = 2A68559C24A3B0B5006A8941 /* RouteDestination.swift */; };
		2A70B7E124D4A2B2008C19FC /* FavoriteButton.swift in Sources */ = {isa = PBXBuildFile; fileRef = 2A70B7E024D4A2B2008C19FC /* FavoriteButton.swift */; };
		2A70B7E424D76C92008C19FC /* FavoriteRow.swift in Sources */ = {isa = PBXBuildFile; fileRef = 2A70B7E324D76C92008C19FC /* FavoriteRow.swift */; };
		2A9764E9251906AA00EC0CCD /* Persistence.swift in Sources */ = {isa = PBXBuildFile; fileRef = 2A9764E8251906AA00EC0CCD /* Persistence.swift */; };
		2AC08E852527A5A4001A7E08 /* LineDirectionTable.swift in Sources */ = {isa = PBXBuildFile; fileRef = 2AC08E842527A5A4001A7E08 /* LineDirectionTable.swift */; };
		2AC08E8F2527A8C0001A7E08 /* LineDirectionRow.swift in Sources */ = {isa = PBXBuildFile; fileRef = 2AC08E8E2527A8C0001A7E08 /* LineDirectionRow.swift */; };
		2AC9844B24CB5B14009AD9B1 /* FavoritesList.swift in Sources */ = {isa = PBXBuildFile; fileRef = 2AC9844A24CB5B14009AD9B1 /* FavoritesList.swift */; };
		2ACC21B124A16C79005B36D0 /* Tests_iOS.swift in Sources */ = {isa = PBXBuildFile; fileRef = 2ACC21B024A16C79005B36D0 /* Tests_iOS.swift */; };
		2ACC21BE24A16C79005B36D0 /* GoodServiceIO2020App.swift in Sources */ = {isa = PBXBuildFile; fileRef = 2ACC219524A16C78005B36D0 /* GoodServiceIO2020App.swift */; };
		2ACC21C024A16C79005B36D0 /* GoodServiceTabView.swift in Sources */ = {isa = PBXBuildFile; fileRef = 2ACC219624A16C78005B36D0 /* GoodServiceTabView.swift */; };
		2ACC21C224A16C79005B36D0 /* Assets.xcassets in Resources */ = {isa = PBXBuildFile; fileRef = 2ACC219724A16C79005B36D0 /* Assets.xcassets */; };
		2ACC21D424A17893005B36D0 /* Double+Format.swift in Sources */ = {isa = PBXBuildFile; fileRef = 2ACC21D324A17893005B36D0 /* Double+Format.swift */; };
		2ACC21D624A178E0005B36D0 /* Color+Hex.swift in Sources */ = {isa = PBXBuildFile; fileRef = 2ACC21D524A178E0005B36D0 /* Color+Hex.swift */; };
		2ACC21D824A17974005B36D0 /* UIImage+RoundedCorners.swift in Sources */ = {isa = PBXBuildFile; fileRef = 2ACC21D724A17974005B36D0 /* UIImage+RoundedCorners.swift */; };
		2ACC21DB24A17A41005B36D0 /* RouteInfoViewModel.swift in Sources */ = {isa = PBXBuildFile; fileRef = 2ACC21DA24A17A41005B36D0 /* RouteInfoViewModel.swift */; };
		2ACC21E124A17C00005B36D0 /* GoodServiceError.swift in Sources */ = {isa = PBXBuildFile; fileRef = 2ACC21DD24A17BFF005B36D0 /* GoodServiceError.swift */; };
		2ACC21E224A17C00005B36D0 /* GoodServiceFetcher.swift in Sources */ = {isa = PBXBuildFile; fileRef = 2ACC21DE24A17BFF005B36D0 /* GoodServiceFetcher.swift */; };
		2ACC21E324A17C00005B36D0 /* RouteMapsResponse.swift in Sources */ = {isa = PBXBuildFile; fileRef = 2ACC21DF24A17C00005B36D0 /* RouteMapsResponse.swift */; };
		2ACC21E424A17C00005B36D0 /* StatusResponse.swift in Sources */ = {isa = PBXBuildFile; fileRef = 2ACC21E024A17C00005B36D0 /* StatusResponse.swift */; };
		2ACC21E624A17CCE005B36D0 /* InfoResponse.swift in Sources */ = {isa = PBXBuildFile; fileRef = 2ACC21E524A17CCE005B36D0 /* InfoResponse.swift */; };
		2ACC21E924A17DE8005B36D0 /* StationDetails.swift in Sources */ = {isa = PBXBuildFile; fileRef = 2ACC21E824A17DE8005B36D0 /* StationDetails.swift */; };
		2ACC21F324A18687005B36D0 /* route-map.json in Resources */ = {isa = PBXBuildFile; fileRef = 2ACC21ED24A18687005B36D0 /* route-map.json */; };
		2ACC21F424A18687005B36D0 /* info.json in Resources */ = {isa = PBXBuildFile; fileRef = 2ACC21EE24A18687005B36D0 /* info.json */; };
		2ACC21F524A18687005B36D0 /* stations.csv in Resources */ = {isa = PBXBuildFile; fileRef = 2ACC21EF24A18687005B36D0 /* stations.csv */; };
		2ACC21F624A18687005B36D0 /* station-details.json in Resources */ = {isa = PBXBuildFile; fileRef = 2ACC21F024A18687005B36D0 /* station-details.json */; };
		2ACC21F724A18687005B36D0 /* stats.json in Resources */ = {isa = PBXBuildFile; fileRef = 2ACC21F124A18687005B36D0 /* stats.json */; };
		2ACC21F824A18687005B36D0 /* TestData.swift in Sources */ = {isa = PBXBuildFile; fileRef = 2ACC21F224A18687005B36D0 /* TestData.swift */; };
		2ACC21FE24A18D74005B36D0 /* RouteDirection.swift in Sources */ = {isa = PBXBuildFile; fileRef = 2ACC21F924A18D74005B36D0 /* RouteDirection.swift */; };
		2ACC21FF24A18D74005B36D0 /* LineDirectionViewModel.swift in Sources */ = {isa = PBXBuildFile; fileRef = 2ACC21FA24A18D74005B36D0 /* LineDirectionViewModel.swift */; };
		2ACC220224A18D74005B36D0 /* LineViewModel.swift in Sources */ = {isa = PBXBuildFile; fileRef = 2ACC21FD24A18D74005B36D0 /* LineViewModel.swift */; };
		2ACC220424A18D87005B36D0 /* RouteViewModel.swift in Sources */ = {isa = PBXBuildFile; fileRef = 2ACC220324A18D87005B36D0 /* RouteViewModel.swift */; };
		2ACC220D24A195B4005B36D0 /* RouteList.swift in Sources */ = {isa = PBXBuildFile; fileRef = 2ACC220C24A195B4005B36D0 /* RouteList.swift */; };
		2ACC220F24A19A27005B36D0 /* RouteRow.swift in Sources */ = {isa = PBXBuildFile; fileRef = 2ACC220E24A19A27005B36D0 /* RouteRow.swift */; };
		2ACC221124A19B27005B36D0 /* RouteDetail.swift in Sources */ = {isa = PBXBuildFile; fileRef = 2ACC221024A19B27005B36D0 /* RouteDetail.swift */; };
		2ACC221324A19B30005B36D0 /* RouteNoServiceRow.swift in Sources */ = {isa = PBXBuildFile; fileRef = 2ACC221224A19B30005B36D0 /* RouteNoServiceRow.swift */; };
		2ACC22E724A2CEAB005B36D0 /* BoroughViewModel.swift in Sources */ = {isa = PBXBuildFile; fileRef = 2ACC22E624A2CEAB005B36D0 /* BoroughViewModel.swift */; };
		2ACC22EB24A2D274005B36D0 /* BoroughList.swift in Sources */ = {isa = PBXBuildFile; fileRef = 2ACC22EA24A2D274005B36D0 /* BoroughList.swift */; };
		2ACC22EE24A2D35E005B36D0 /* BoroughDetail.swift in Sources */ = {isa = PBXBuildFile; fileRef = 2ACC22ED24A2D35E005B36D0 /* BoroughDetail.swift */; };
		2ACC22FC24A327F0005B36D0 /* RouteListSubHeader.swift in Sources */ = {isa = PBXBuildFile; fileRef = 2ACC22FB24A327F0005B36D0 /* RouteListSubHeader.swift */; };
		2AD351DA252E983B00CE44B2 /* LinesViewModel.swift in Sources */ = {isa = PBXBuildFile; fileRef = 2AD351D9252E983B00CE44B2 /* LinesViewModel.swift */; };
		2AD351E8252EA34000CE44B2 /* LineRouteViewModel.swift in Sources */ = {isa = PBXBuildFile; fileRef = 2AD351E7252EA34000CE44B2 /* LineRouteViewModel.swift */; };
		2ADE40FD25254B5300396BE6 /* Favorite+CoreDataClass.swift in Sources */ = {isa = PBXBuildFile; fileRef = 2ADE40FC25254B5300396BE6 /* Favorite+CoreDataClass.swift */; };
		2ADE410725254C1900396BE6 /* Favorite+CoreDataProperties.swift in Sources */ = {isa = PBXBuildFile; fileRef = 2ADE410625254C1900396BE6 /* Favorite+CoreDataProperties.swift */; };
		2AF2D2B624A44468009206F9 /* SlowZoneList.swift in Sources */ = {isa = PBXBuildFile; fileRef = 2AF2D2B524A44468009206F9 /* SlowZoneList.swift */; };
		2AF2D2B824A444E2009206F9 /* LineDetail.swift in Sources */ = {isa = PBXBuildFile; fileRef = 2AF2D2B724A444E2009206F9 /* LineDetail.swift */; };
		2AF2D2BA24A446BE009206F9 /* HorizontalRouteList.swift in Sources */ = {isa = PBXBuildFile; fileRef = 2AF2D2B924A446BE009206F9 /* HorizontalRouteList.swift */; };
		2AF2D2BC24A44784009206F9 /* LineRow.swift in Sources */ = {isa = PBXBuildFile; fileRef = 2AF2D2BB24A44784009206F9 /* LineRow.swift */; };
		2AF2D2BE24A4499A009206F9 /* StatusBar.swift in Sources */ = {isa = PBXBuildFile; fileRef = 2AF2D2BD24A4499A009206F9 /* StatusBar.swift */; };
		2AFC88392519285300E6AC5C /* Favorites.xcdatamodeld in Sources */ = {isa = PBXBuildFile; fileRef = 2A8010D524D08E210086433D /* Favorites.xcdatamodeld */; };
		2AFC884225195FD300E6AC5C /* FavoritesViewModel.swift in Sources */ = {isa = PBXBuildFile; fileRef = 2AFC884125195FD300E6AC5C /* FavoritesViewModel.swift */; };
/* End PBXBuildFile section */

/* Begin PBXContainerItemProxy section */
		2ACC21AD24A16C79005B36D0 /* PBXContainerItemProxy */ = {
			isa = PBXContainerItemProxy;
			containerPortal = 2ACC219024A16C78005B36D0 /* Project object */;
			proxyType = 1;
			remoteGlobalIDString = 2ACC219B24A16C79005B36D0;
			remoteInfo = iOS;
		};
/* End PBXContainerItemProxy section */

/* Begin PBXFileReference section */
		2A1BFD4E24A5702E00703EAB /* good-service-iPhone-screen-slow-zones.png */ = {isa = PBXFileReference; lastKnownFileType = image.png; path = "good-service-iPhone-screen-slow-zones.png"; sourceTree = "<group>"; };
		2A1BFD4F24A5702E00703EAB /* good-service-iPhone-screen-lines.png */ = {isa = PBXFileReference; lastKnownFileType = image.png; path = "good-service-iPhone-screen-lines.png"; sourceTree = "<group>"; };
		2A1BFD5024A5702F00703EAB /* good-service-iPhone-screen-train.png */ = {isa = PBXFileReference; lastKnownFileType = image.png; path = "good-service-iPhone-screen-train.png"; sourceTree = "<group>"; };
		2A1BFD5124A5702F00703EAB /* good-service-iPhone-screen-train-route.png */ = {isa = PBXFileReference; lastKnownFileType = image.png; path = "good-service-iPhone-screen-train-route.png"; sourceTree = "<group>"; };
		2A1BFD5324A5B8D400703EAB /* AboutModal.swift */ = {isa = PBXFileReference; lastKnownFileType = sourcecode.swift; path = AboutModal.swift; sourceTree = "<group>"; };
		2A1BFD5524A5C3E000703EAB /* MapModal.swift */ = {isa = PBXFileReference; lastKnownFileType = sourcecode.swift; path = MapModal.swift; sourceTree = "<group>"; };
		2A1BFD9B24ABD48E00703EAB /* RouteMap.swift */ = {isa = PBXFileReference; lastKnownFileType = sourcecode.swift; path = RouteMap.swift; sourceTree = "<group>"; };
		2A1BFDF424B63BCC00703EAB /* Bundle+Decode.swift */ = {isa = PBXFileReference; lastKnownFileType = sourcecode.swift; path = "Bundle+Decode.swift"; sourceTree = "<group>"; };
		2A1BFDF624B64E1100703EAB /* RouteMapsStore.swift */ = {isa = PBXFileReference; lastKnownFileType = sourcecode.swift; path = RouteMapsStore.swift; sourceTree = "<group>"; };
		2A4C6F77252EEC5400FA34CB /* LineNoServiceRow.swift */ = {isa = PBXFileReference; lastKnownFileType = sourcecode.swift; path = LineNoServiceRow.swift; sourceTree = "<group>"; };
		2A68559824A33CAA006A8941 /* RouteDestinationTable.swift */ = {isa = PBXFileReference; lastKnownFileType = sourcecode.swift; path = RouteDestinationTable.swift; sourceTree = "<group>"; };
		2A68559A24A33CC0006A8941 /* RouteDestinationRow.swift */ = {isa = PBXFileReference; lastKnownFileType = sourcecode.swift; path = RouteDestinationRow.swift; sourceTree = "<group>"; };
		2A68559C24A3B0B5006A8941 /* RouteDestination.swift */ = {isa = PBXFileReference; lastKnownFileType = sourcecode.swift; path = RouteDestination.swift; sourceTree = "<group>"; };
		2A70B7E024D4A2B2008C19FC /* FavoriteButton.swift */ = {isa = PBXFileReference; lastKnownFileType = sourcecode.swift; path = FavoriteButton.swift; sourceTree = "<group>"; };
		2A70B7E324D76C92008C19FC /* FavoriteRow.swift */ = {isa = PBXFileReference; lastKnownFileType = sourcecode.swift; path = FavoriteRow.swift; sourceTree = "<group>"; };
		2A8010D624D08E210086433D /* Favorites.xcdatamodel */ = {isa = PBXFileReference; lastKnownFileType = wrapper.xcdatamodel; path = Favorites.xcdatamodel; sourceTree = "<group>"; };
		2A9764E8251906AA00EC0CCD /* Persistence.swift */ = {isa = PBXFileReference; lastKnownFileType = sourcecode.swift; path = Persistence.swift; sourceTree = "<group>"; };
		2AC08E842527A5A4001A7E08 /* LineDirectionTable.swift */ = {isa = PBXFileReference; lastKnownFileType = sourcecode.swift; path = LineDirectionTable.swift; sourceTree = "<group>"; };
		2AC08E8E2527A8C0001A7E08 /* LineDirectionRow.swift */ = {isa = PBXFileReference; lastKnownFileType = sourcecode.swift; path = LineDirectionRow.swift; sourceTree = "<group>"; };
		2AC9844A24CB5B14009AD9B1 /* FavoritesList.swift */ = {isa = PBXFileReference; lastKnownFileType = sourcecode.swift; path = FavoritesList.swift; sourceTree = "<group>"; };
		2ACC219524A16C78005B36D0 /* GoodServiceIO2020App.swift */ = {isa = PBXFileReference; lastKnownFileType = sourcecode.swift; path = GoodServiceIO2020App.swift; sourceTree = "<group>"; };
		2ACC219624A16C78005B36D0 /* GoodServiceTabView.swift */ = {isa = PBXFileReference; lastKnownFileType = sourcecode.swift; path = GoodServiceTabView.swift; sourceTree = "<group>"; };
		2ACC219724A16C79005B36D0 /* Assets.xcassets */ = {isa = PBXFileReference; lastKnownFileType = folder.assetcatalog; path = Assets.xcassets; sourceTree = "<group>"; };
		2ACC219C24A16C79005B36D0 /* GoodServiceIO2020.app */ = {isa = PBXFileReference; explicitFileType = wrapper.application; includeInIndex = 0; path = GoodServiceIO2020.app; sourceTree = BUILT_PRODUCTS_DIR; };
		2ACC219F24A16C79005B36D0 /* Info.plist */ = {isa = PBXFileReference; lastKnownFileType = text.plist.xml; path = Info.plist; sourceTree = "<group>"; };
		2ACC21AC24A16C79005B36D0 /* Tests iOS.xctest */ = {isa = PBXFileReference; explicitFileType = wrapper.cfbundle; includeInIndex = 0; path = "Tests iOS.xctest"; sourceTree = BUILT_PRODUCTS_DIR; };
		2ACC21B024A16C79005B36D0 /* Tests_iOS.swift */ = {isa = PBXFileReference; lastKnownFileType = sourcecode.swift; path = Tests_iOS.swift; sourceTree = "<group>"; };
		2ACC21B224A16C79005B36D0 /* Info.plist */ = {isa = PBXFileReference; lastKnownFileType = text.plist.xml; path = Info.plist; sourceTree = "<group>"; };
		2ACC21D324A17893005B36D0 /* Double+Format.swift */ = {isa = PBXFileReference; lastKnownFileType = sourcecode.swift; path = "Double+Format.swift"; sourceTree = "<group>"; };
		2ACC21D524A178E0005B36D0 /* Color+Hex.swift */ = {isa = PBXFileReference; lastKnownFileType = sourcecode.swift; path = "Color+Hex.swift"; sourceTree = "<group>"; };
		2ACC21D724A17974005B36D0 /* UIImage+RoundedCorners.swift */ = {isa = PBXFileReference; lastKnownFileType = sourcecode.swift; path = "UIImage+RoundedCorners.swift"; sourceTree = "<group>"; };
		2ACC21DA24A17A41005B36D0 /* RouteInfoViewModel.swift */ = {isa = PBXFileReference; lastKnownFileType = sourcecode.swift; path = RouteInfoViewModel.swift; sourceTree = "<group>"; };
		2ACC21DD24A17BFF005B36D0 /* GoodServiceError.swift */ = {isa = PBXFileReference; fileEncoding = 4; lastKnownFileType = sourcecode.swift; path = GoodServiceError.swift; sourceTree = "<group>"; };
		2ACC21DE24A17BFF005B36D0 /* GoodServiceFetcher.swift */ = {isa = PBXFileReference; fileEncoding = 4; lastKnownFileType = sourcecode.swift; path = GoodServiceFetcher.swift; sourceTree = "<group>"; };
		2ACC21DF24A17C00005B36D0 /* RouteMapsResponse.swift */ = {isa = PBXFileReference; fileEncoding = 4; lastKnownFileType = sourcecode.swift; path = RouteMapsResponse.swift; sourceTree = "<group>"; };
		2ACC21E024A17C00005B36D0 /* StatusResponse.swift */ = {isa = PBXFileReference; fileEncoding = 4; lastKnownFileType = sourcecode.swift; path = StatusResponse.swift; sourceTree = "<group>"; };
		2ACC21E524A17CCE005B36D0 /* InfoResponse.swift */ = {isa = PBXFileReference; fileEncoding = 4; lastKnownFileType = sourcecode.swift; path = InfoResponse.swift; sourceTree = "<group>"; };
		2ACC21E824A17DE8005B36D0 /* StationDetails.swift */ = {isa = PBXFileReference; lastKnownFileType = sourcecode.swift; path = StationDetails.swift; sourceTree = "<group>"; };
		2ACC21ED24A18687005B36D0 /* route-map.json */ = {isa = PBXFileReference; fileEncoding = 4; lastKnownFileType = text.json; path = "route-map.json"; sourceTree = "<group>"; };
		2ACC21EE24A18687005B36D0 /* info.json */ = {isa = PBXFileReference; fileEncoding = 4; lastKnownFileType = text.json; path = info.json; sourceTree = "<group>"; };
		2ACC21EF24A18687005B36D0 /* stations.csv */ = {isa = PBXFileReference; fileEncoding = 4; lastKnownFileType = text; path = stations.csv; sourceTree = "<group>"; };
		2ACC21F024A18687005B36D0 /* station-details.json */ = {isa = PBXFileReference; fileEncoding = 4; lastKnownFileType = text.json; path = "station-details.json"; sourceTree = "<group>"; };
		2ACC21F124A18687005B36D0 /* stats.json */ = {isa = PBXFileReference; fileEncoding = 4; lastKnownFileType = text.json; path = stats.json; sourceTree = "<group>"; };
		2ACC21F224A18687005B36D0 /* TestData.swift */ = {isa = PBXFileReference; fileEncoding = 4; lastKnownFileType = sourcecode.swift; path = TestData.swift; sourceTree = "<group>"; };
		2ACC21F924A18D74005B36D0 /* RouteDirection.swift */ = {isa = PBXFileReference; fileEncoding = 4; lastKnownFileType = sourcecode.swift; path = RouteDirection.swift; sourceTree = "<group>"; };
		2ACC21FA24A18D74005B36D0 /* LineDirectionViewModel.swift */ = {isa = PBXFileReference; fileEncoding = 4; lastKnownFileType = sourcecode.swift; path = LineDirectionViewModel.swift; sourceTree = "<group>"; };
		2ACC21FD24A18D74005B36D0 /* LineViewModel.swift */ = {isa = PBXFileReference; fileEncoding = 4; lastKnownFileType = sourcecode.swift; path = LineViewModel.swift; sourceTree = "<group>"; };
		2ACC220324A18D87005B36D0 /* RouteViewModel.swift */ = {isa = PBXFileReference; fileEncoding = 4; lastKnownFileType = sourcecode.swift; path = RouteViewModel.swift; sourceTree = "<group>"; };
		2ACC220C24A195B4005B36D0 /* RouteList.swift */ = {isa = PBXFileReference; lastKnownFileType = sourcecode.swift; path = RouteList.swift; sourceTree = "<group>"; };
		2ACC220E24A19A27005B36D0 /* RouteRow.swift */ = {isa = PBXFileReference; lastKnownFileType = sourcecode.swift; path = RouteRow.swift; sourceTree = "<group>"; };
		2ACC221024A19B27005B36D0 /* RouteDetail.swift */ = {isa = PBXFileReference; lastKnownFileType = sourcecode.swift; path = RouteDetail.swift; sourceTree = "<group>"; };
		2ACC221224A19B30005B36D0 /* RouteNoServiceRow.swift */ = {isa = PBXFileReference; lastKnownFileType = sourcecode.swift; path = RouteNoServiceRow.swift; sourceTree = "<group>"; };
		2ACC22E624A2CEAB005B36D0 /* BoroughViewModel.swift */ = {isa = PBXFileReference; lastKnownFileType = sourcecode.swift; path = BoroughViewModel.swift; sourceTree = "<group>"; };
		2ACC22EA24A2D274005B36D0 /* BoroughList.swift */ = {isa = PBXFileReference; lastKnownFileType = sourcecode.swift; path = BoroughList.swift; sourceTree = "<group>"; };
		2ACC22ED24A2D35E005B36D0 /* BoroughDetail.swift */ = {isa = PBXFileReference; lastKnownFileType = sourcecode.swift; path = BoroughDetail.swift; sourceTree = "<group>"; };
		2ACC22FB24A327F0005B36D0 /* RouteListSubHeader.swift */ = {isa = PBXFileReference; lastKnownFileType = sourcecode.swift; path = RouteListSubHeader.swift; sourceTree = "<group>"; };
		2AD351D9252E983B00CE44B2 /* LinesViewModel.swift */ = {isa = PBXFileReference; lastKnownFileType = sourcecode.swift; path = LinesViewModel.swift; sourceTree = "<group>"; };
		2AD351E7252EA34000CE44B2 /* LineRouteViewModel.swift */ = {isa = PBXFileReference; lastKnownFileType = sourcecode.swift; path = LineRouteViewModel.swift; sourceTree = "<group>"; };
		2ADE40FC25254B5300396BE6 /* Favorite+CoreDataClass.swift */ = {isa = PBXFileReference; lastKnownFileType = sourcecode.swift; path = "Favorite+CoreDataClass.swift"; sourceTree = "<group>"; };
		2ADE410625254C1900396BE6 /* Favorite+CoreDataProperties.swift */ = {isa = PBXFileReference; lastKnownFileType = sourcecode.swift; path = "Favorite+CoreDataProperties.swift"; sourceTree = "<group>"; };
		2AF2D2B524A44468009206F9 /* SlowZoneList.swift */ = {isa = PBXFileReference; lastKnownFileType = sourcecode.swift; path = SlowZoneList.swift; sourceTree = "<group>"; };
		2AF2D2B724A444E2009206F9 /* LineDetail.swift */ = {isa = PBXFileReference; lastKnownFileType = sourcecode.swift; path = LineDetail.swift; sourceTree = "<group>"; };
		2AF2D2B924A446BE009206F9 /* HorizontalRouteList.swift */ = {isa = PBXFileReference; lastKnownFileType = sourcecode.swift; path = HorizontalRouteList.swift; sourceTree = "<group>"; };
		2AF2D2BB24A44784009206F9 /* LineRow.swift */ = {isa = PBXFileReference; lastKnownFileType = sourcecode.swift; path = LineRow.swift; sourceTree = "<group>"; };
		2AF2D2BD24A4499A009206F9 /* StatusBar.swift */ = {isa = PBXFileReference; lastKnownFileType = sourcecode.swift; path = StatusBar.swift; sourceTree = "<group>"; };
		2AF2D2C124A54620009206F9 /* README.md */ = {isa = PBXFileReference; lastKnownFileType = net.daringfireball.markdown; path = README.md; sourceTree = "<group>"; };
		2AFC884125195FD300E6AC5C /* FavoritesViewModel.swift */ = {isa = PBXFileReference; lastKnownFileType = sourcecode.swift; path = FavoritesViewModel.swift; sourceTree = "<group>"; };
/* End PBXFileReference section */

/* Begin PBXFrameworksBuildPhase section */
		2ACC219924A16C79005B36D0 /* Frameworks */ = {
			isa = PBXFrameworksBuildPhase;
			buildActionMask = 2147483647;
			files = (
			);
			runOnlyForDeploymentPostprocessing = 0;
		};
		2ACC21A924A16C79005B36D0 /* Frameworks */ = {
			isa = PBXFrameworksBuildPhase;
			buildActionMask = 2147483647;
			files = (
			);
			runOnlyForDeploymentPostprocessing = 0;
		};
/* End PBXFrameworksBuildPhase section */

/* Begin PBXGroup section */
		2A0F1E4324A56B0900094ADF /* images */ = {
			isa = PBXGroup;
			children = (
				2A1BFD4F24A5702E00703EAB /* good-service-iPhone-screen-lines.png */,
				2A1BFD4E24A5702E00703EAB /* good-service-iPhone-screen-slow-zones.png */,
				2A1BFD5124A5702F00703EAB /* good-service-iPhone-screen-train-route.png */,
				2A1BFD5024A5702F00703EAB /* good-service-iPhone-screen-train.png */,
			);
			path = images;
			sourceTree = "<group>";
		};
		2A1BFD5224A5B89E00703EAB /* Modals */ = {
			isa = PBXGroup;
			children = (
				2A1BFD5324A5B8D400703EAB /* AboutModal.swift */,
				2A1BFD5524A5C3E000703EAB /* MapModal.swift */,
			);
			path = Modals;
			sourceTree = "<group>";
		};
		2A1BFD9A24AAA4C200703EAB /* station-data */ = {
			isa = PBXGroup;
			children = (
				2ACC21F024A18687005B36D0 /* station-details.json */,
				2ACC21EF24A18687005B36D0 /* stations.csv */,
			);
			path = "station-data";
			sourceTree = "<group>";
		};
		2A70B7E224D4A2C7008C19FC /* Components */ = {
			isa = PBXGroup;
			children = (
				2A70B7E024D4A2B2008C19FC /* FavoriteButton.swift */,
				2AF2D2B924A446BE009206F9 /* HorizontalRouteList.swift */,
				2AF2D2BD24A4499A009206F9 /* StatusBar.swift */,
			);
			path = Components;
			sourceTree = "<group>";
		};
		2AC9844924CB5AD2009AD9B1 /* Favorites */ = {
			isa = PBXGroup;
			children = (
				2AC9844A24CB5B14009AD9B1 /* FavoritesList.swift */,
				2A70B7E324D76C92008C19FC /* FavoriteRow.swift */,
			);
			path = Favorites;
			sourceTree = "<group>";
		};
		2ACC218F24A16C78005B36D0 = {
			isa = PBXGroup;
			children = (
				2A0F1E4324A56B0900094ADF /* images */,
				2AF2D2C124A54620009206F9 /* README.md */,
				2ACC219424A16C78005B36D0 /* Shared */,
				2ACC21EC24A1866D005B36D0 /* Preview Content */,
				2ACC219E24A16C79005B36D0 /* iOS */,
				2ACC21AF24A16C79005B36D0 /* Tests iOS */,
				2ACC219D24A16C79005B36D0 /* Products */,
			);
			sourceTree = "<group>";
		};
		2ACC219424A16C78005B36D0 /* Shared */ = {
			isa = PBXGroup;
			children = (
				2ACC220524A193C0005B36D0 /* View */,
				2ACC21D924A179D8005B36D0 /* ViewModel */,
				2ACC22E524A2CD55005B36D0 /* Model */,
				2ACC21DC24A17B25005B36D0 /* API */,
				2ACC21D224A16EFD005B36D0 /* Extensions */,
				2A1BFD9A24AAA4C200703EAB /* station-data */,
				2ACC219724A16C79005B36D0 /* Assets.xcassets */,
			);
			path = Shared;
			sourceTree = "<group>";
		};
		2ACC219D24A16C79005B36D0 /* Products */ = {
			isa = PBXGroup;
			children = (
				2ACC219C24A16C79005B36D0 /* GoodServiceIO2020.app */,
				2ACC21AC24A16C79005B36D0 /* Tests iOS.xctest */,
			);
			name = Products;
			sourceTree = "<group>";
		};
		2ACC219E24A16C79005B36D0 /* iOS */ = {
			isa = PBXGroup;
			children = (
				2ACC219F24A16C79005B36D0 /* Info.plist */,
			);
			path = iOS;
			sourceTree = "<group>";
		};
		2ACC21AF24A16C79005B36D0 /* Tests iOS */ = {
			isa = PBXGroup;
			children = (
				2ACC21B024A16C79005B36D0 /* Tests_iOS.swift */,
				2ACC21B224A16C79005B36D0 /* Info.plist */,
			);
			path = "Tests iOS";
			sourceTree = "<group>";
		};
		2ACC21D224A16EFD005B36D0 /* Extensions */ = {
			isa = PBXGroup;
			children = (
				2ACC21D324A17893005B36D0 /* Double+Format.swift */,
				2ACC21D524A178E0005B36D0 /* Color+Hex.swift */,
				2ACC21D724A17974005B36D0 /* UIImage+RoundedCorners.swift */,
				2A1BFDF424B63BCC00703EAB /* Bundle+Decode.swift */,
			);
			path = Extensions;
			sourceTree = "<group>";
		};
		2ACC21D924A179D8005B36D0 /* ViewModel */ = {
			isa = PBXGroup;
			children = (
				2ACC21DA24A17A41005B36D0 /* RouteInfoViewModel.swift */,
				2A1BFDF624B64E1100703EAB /* RouteMapsStore.swift */,
				2ACC220324A18D87005B36D0 /* RouteViewModel.swift */,
				2A68559C24A3B0B5006A8941 /* RouteDestination.swift */,
				2ACC21F924A18D74005B36D0 /* RouteDirection.swift */,
				2ACC22E624A2CEAB005B36D0 /* BoroughViewModel.swift */,
				2AD351D9252E983B00CE44B2 /* LinesViewModel.swift */,
				2ACC21FD24A18D74005B36D0 /* LineViewModel.swift */,
				2AD351E7252EA34000CE44B2 /* LineRouteViewModel.swift */,
				2ACC21FA24A18D74005B36D0 /* LineDirectionViewModel.swift */,
				2A1BFD9B24ABD48E00703EAB /* RouteMap.swift */,
				2AFC884125195FD300E6AC5C /* FavoritesViewModel.swift */,
			);
			path = ViewModel;
			sourceTree = "<group>";
		};
		2ACC21DC24A17B25005B36D0 /* API */ = {
			isa = PBXGroup;
			children = (
				2ACC21DE24A17BFF005B36D0 /* GoodServiceFetcher.swift */,
				2ACC21DD24A17BFF005B36D0 /* GoodServiceError.swift */,
			);
			path = API;
			sourceTree = "<group>";
		};
		2ACC21EC24A1866D005B36D0 /* Preview Content */ = {
			isa = PBXGroup;
			children = (
				2ACC21F224A18687005B36D0 /* TestData.swift */,
				2ACC21EE24A18687005B36D0 /* info.json */,
				2ACC21ED24A18687005B36D0 /* route-map.json */,
				2ACC21F124A18687005B36D0 /* stats.json */,
			);
			path = "Preview Content";
			sourceTree = "<group>";
		};
		2ACC220524A193C0005B36D0 /* View */ = {
			isa = PBXGroup;
			children = (
				2ACC219624A16C78005B36D0 /* GoodServiceTabView.swift */,
				2ACC219524A16C78005B36D0 /* GoodServiceIO2020App.swift */,
				2ACC220624A193FC005B36D0 /* Trains */,
				2ACC220724A19405005B36D0 /* Lines */,
				2ACC220824A1940F005B36D0 /* SlowZones */,
				2AC9844924CB5AD2009AD9B1 /* Favorites */,
				2A1BFD5224A5B89E00703EAB /* Modals */,
				2A70B7E224D4A2C7008C19FC /* Components */,
			);
			path = View;
			sourceTree = "<group>";
		};
		2ACC220624A193FC005B36D0 /* Trains */ = {
			isa = PBXGroup;
			children = (
				2ACC220C24A195B4005B36D0 /* RouteList.swift */,
				2ACC22FB24A327F0005B36D0 /* RouteListSubHeader.swift */,
				2ACC220E24A19A27005B36D0 /* RouteRow.swift */,
				2ACC221224A19B30005B36D0 /* RouteNoServiceRow.swift */,
				2ACC221024A19B27005B36D0 /* RouteDetail.swift */,
				2A68559824A33CAA006A8941 /* RouteDestinationTable.swift */,
				2A68559A24A33CC0006A8941 /* RouteDestinationRow.swift */,
			);
			path = Trains;
			sourceTree = "<group>";
		};
		2ACC220724A19405005B36D0 /* Lines */ = {
			isa = PBXGroup;
			children = (
				2ACC22EA24A2D274005B36D0 /* BoroughList.swift */,
				2ACC22ED24A2D35E005B36D0 /* BoroughDetail.swift */,
				2AF2D2BB24A44784009206F9 /* LineRow.swift */,
				2A4C6F77252EEC5400FA34CB /* LineNoServiceRow.swift */,
				2AF2D2B724A444E2009206F9 /* LineDetail.swift */,
				2AC08E842527A5A4001A7E08 /* LineDirectionTable.swift */,
				2AC08E8E2527A8C0001A7E08 /* LineDirectionRow.swift */,
			);
			path = Lines;
			sourceTree = "<group>";
		};
		2ACC220824A1940F005B36D0 /* SlowZones */ = {
			isa = PBXGroup;
			children = (
				2AF2D2B524A44468009206F9 /* SlowZoneList.swift */,
			);
			path = SlowZones;
			sourceTree = "<group>";
		};
		2ACC22E524A2CD55005B36D0 /* Model */ = {
			isa = PBXGroup;
			children = (
				2ACC21E524A17CCE005B36D0 /* InfoResponse.swift */,
				2ACC21E024A17C00005B36D0 /* StatusResponse.swift */,
				2ACC21DF24A17C00005B36D0 /* RouteMapsResponse.swift */,
				2ACC21E824A17DE8005B36D0 /* StationDetails.swift */,
				2A9764E8251906AA00EC0CCD /* Persistence.swift */,
				2A8010D524D08E210086433D /* Favorites.xcdatamodeld */,
				2ADE40FC25254B5300396BE6 /* Favorite+CoreDataClass.swift */,
				2ADE410625254C1900396BE6 /* Favorite+CoreDataProperties.swift */,
			);
			path = Model;
			sourceTree = "<group>";
		};
/* End PBXGroup section */

/* Begin PBXNativeTarget section */
		2ACC219B24A16C79005B36D0 /* GoodServiceIO */ = {
			isa = PBXNativeTarget;
			buildConfigurationList = 2ACC21C624A16C79005B36D0 /* Build configuration list for PBXNativeTarget "GoodServiceIO" */;
			buildPhases = (
				2ACC219824A16C79005B36D0 /* Sources */,
				2ACC219924A16C79005B36D0 /* Frameworks */,
				2ACC219A24A16C79005B36D0 /* Resources */,
			);
			buildRules = (
			);
			dependencies = (
			);
			name = GoodServiceIO;
			productName = iOS;
			productReference = 2ACC219C24A16C79005B36D0 /* GoodServiceIO2020.app */;
			productType = "com.apple.product-type.application";
		};
		2ACC21AB24A16C79005B36D0 /* Tests iOS */ = {
			isa = PBXNativeTarget;
			buildConfigurationList = 2ACC21CC24A16C79005B36D0 /* Build configuration list for PBXNativeTarget "Tests iOS" */;
			buildPhases = (
				2ACC21A824A16C79005B36D0 /* Sources */,
				2ACC21A924A16C79005B36D0 /* Frameworks */,
				2ACC21AA24A16C79005B36D0 /* Resources */,
			);
			buildRules = (
			);
			dependencies = (
				2ACC21AE24A16C79005B36D0 /* PBXTargetDependency */,
			);
			name = "Tests iOS";
			productName = "Tests iOS";
			productReference = 2ACC21AC24A16C79005B36D0 /* Tests iOS.xctest */;
			productType = "com.apple.product-type.bundle.ui-testing";
		};
/* End PBXNativeTarget section */

/* Begin PBXProject section */
		2ACC219024A16C78005B36D0 /* Project object */ = {
			isa = PBXProject;
			attributes = {
				LastSwiftUpdateCheck = 1200;
				LastUpgradeCheck = 1200;
				TargetAttributes = {
					2ACC219B24A16C79005B36D0 = {
						CreatedOnToolsVersion = 12.0;
					};
					2ACC21AB24A16C79005B36D0 = {
						CreatedOnToolsVersion = 12.0;
						TestTargetID = 2ACC219B24A16C79005B36D0;
					};
				};
			};
			buildConfigurationList = 2ACC219324A16C78005B36D0 /* Build configuration list for PBXProject "GoodServiceIO2020" */;
			compatibilityVersion = "Xcode 9.3";
			developmentRegion = en;
			hasScannedForEncodings = 0;
			knownRegions = (
				en,
				Base,
			);
			mainGroup = 2ACC218F24A16C78005B36D0;
			productRefGroup = 2ACC219D24A16C79005B36D0 /* Products */;
			projectDirPath = "";
			projectRoot = "";
			targets = (
				2ACC219B24A16C79005B36D0 /* GoodServiceIO */,
				2ACC21AB24A16C79005B36D0 /* Tests iOS */,
			);
		};
/* End PBXProject section */

/* Begin PBXResourcesBuildPhase section */
		2ACC219A24A16C79005B36D0 /* Resources */ = {
			isa = PBXResourcesBuildPhase;
			buildActionMask = 2147483647;
			files = (
				2ACC21F724A18687005B36D0 /* stats.json in Resources */,
				2ACC21F624A18687005B36D0 /* station-details.json in Resources */,
				2ACC21F424A18687005B36D0 /* info.json in Resources */,
				2ACC21C224A16C79005B36D0 /* Assets.xcassets in Resources */,
				2ACC21F324A18687005B36D0 /* route-map.json in Resources */,
				2ACC21F524A18687005B36D0 /* stations.csv in Resources */,
			);
			runOnlyForDeploymentPostprocessing = 0;
		};
		2ACC21AA24A16C79005B36D0 /* Resources */ = {
			isa = PBXResourcesBuildPhase;
			buildActionMask = 2147483647;
			files = (
			);
			runOnlyForDeploymentPostprocessing = 0;
		};
/* End PBXResourcesBuildPhase section */

/* Begin PBXSourcesBuildPhase section */
		2ACC219824A16C79005B36D0 /* Sources */ = {
			isa = PBXSourcesBuildPhase;
			buildActionMask = 2147483647;
			files = (
				2AFC88392519285300E6AC5C /* Favorites.xcdatamodeld in Sources */,
				2A70B7E424D76C92008C19FC /* FavoriteRow.swift in Sources */,
				2AF2D2B624A44468009206F9 /* SlowZoneList.swift in Sources */,
				2ACC220F24A19A27005B36D0 /* RouteRow.swift in Sources */,
				2AC08E852527A5A4001A7E08 /* LineDirectionTable.swift in Sources */,
				2A70B7E124D4A2B2008C19FC /* FavoriteButton.swift in Sources */,
				2ACC21D424A17893005B36D0 /* Double+Format.swift in Sources */,
				2A1BFD5624A5C3E000703EAB /* MapModal.swift in Sources */,
				2ACC21E124A17C00005B36D0 /* GoodServiceError.swift in Sources */,
				2A9764E9251906AA00EC0CCD /* Persistence.swift in Sources */,
				2AD351E8252EA34000CE44B2 /* LineRouteViewModel.swift in Sources */,
				2ACC22EB24A2D274005B36D0 /* BoroughList.swift in Sources */,
				2AF2D2B824A444E2009206F9 /* LineDetail.swift in Sources */,
				2ACC221324A19B30005B36D0 /* RouteNoServiceRow.swift in Sources */,
				2ACC21D624A178E0005B36D0 /* Color+Hex.swift in Sources */,
				2ACC21FF24A18D74005B36D0 /* LineDirectionViewModel.swift in Sources */,
				2A1BFDF524B63BCC00703EAB /* Bundle+Decode.swift in Sources */,
				2AF2D2BA24A446BE009206F9 /* HorizontalRouteList.swift in Sources */,
				2A4C6F78252EEC5400FA34CB /* LineNoServiceRow.swift in Sources */,
				2ACC21E324A17C00005B36D0 /* RouteMapsResponse.swift in Sources */,
				2A1BFDF724B64E1100703EAB /* RouteMapsStore.swift in Sources */,
				2ACC21F824A18687005B36D0 /* TestData.swift in Sources */,
				2AFC884225195FD300E6AC5C /* FavoritesViewModel.swift in Sources */,
				2ACC221124A19B27005B36D0 /* RouteDetail.swift in Sources */,
				2ACC22FC24A327F0005B36D0 /* RouteListSubHeader.swift in Sources */,
				2AD351DA252E983B00CE44B2 /* LinesViewModel.swift in Sources */,
				2ACC21DB24A17A41005B36D0 /* RouteInfoViewModel.swift in Sources */,
				2ACC22E724A2CEAB005B36D0 /* BoroughViewModel.swift in Sources */,
				2AF2D2BE24A4499A009206F9 /* StatusBar.swift in Sources */,
				2A68559B24A33CC0006A8941 /* RouteDestinationRow.swift in Sources */,
				2ACC21C024A16C79005B36D0 /* GoodServiceTabView.swift in Sources */,
				2A68559924A33CAA006A8941 /* RouteDestinationTable.swift in Sources */,
				2ACC21E624A17CCE005B36D0 /* InfoResponse.swift in Sources */,
				2A1BFD5424A5B8D400703EAB /* AboutModal.swift in Sources */,
				2ACC22EE24A2D35E005B36D0 /* BoroughDetail.swift in Sources */,
				2ACC220224A18D74005B36D0 /* LineViewModel.swift in Sources */,
				2ADE40FD25254B5300396BE6 /* Favorite+CoreDataClass.swift in Sources */,
				2ACC21BE24A16C79005B36D0 /* GoodServiceIO2020App.swift in Sources */,
				2A68559D24A3B0B5006A8941 /* RouteDestination.swift in Sources */,
				2ADE410725254C1900396BE6 /* Favorite+CoreDataProperties.swift in Sources */,
				2AF2D2BC24A44784009206F9 /* LineRow.swift in Sources */,
				2AC08E8F2527A8C0001A7E08 /* LineDirectionRow.swift in Sources */,
				2ACC21E224A17C00005B36D0 /* GoodServiceFetcher.swift in Sources */,
				2AC9844B24CB5B14009AD9B1 /* FavoritesList.swift in Sources */,
				2ACC21E424A17C00005B36D0 /* StatusResponse.swift in Sources */,
				2ACC21E924A17DE8005B36D0 /* StationDetails.swift in Sources */,
				2ACC220D24A195B4005B36D0 /* RouteList.swift in Sources */,
				2ACC220424A18D87005B36D0 /* RouteViewModel.swift in Sources */,
				2ACC21FE24A18D74005B36D0 /* RouteDirection.swift in Sources */,
				2A1BFD9C24ABD48E00703EAB /* RouteMap.swift in Sources */,
				2ACC21D824A17974005B36D0 /* UIImage+RoundedCorners.swift in Sources */,
			);
			runOnlyForDeploymentPostprocessing = 0;
		};
		2ACC21A824A16C79005B36D0 /* Sources */ = {
			isa = PBXSourcesBuildPhase;
			buildActionMask = 2147483647;
			files = (
				2ACC21B124A16C79005B36D0 /* Tests_iOS.swift in Sources */,
			);
			runOnlyForDeploymentPostprocessing = 0;
		};
/* End PBXSourcesBuildPhase section */

/* Begin PBXTargetDependency section */
		2ACC21AE24A16C79005B36D0 /* PBXTargetDependency */ = {
			isa = PBXTargetDependency;
			target = 2ACC219B24A16C79005B36D0 /* GoodServiceIO */;
			targetProxy = 2ACC21AD24A16C79005B36D0 /* PBXContainerItemProxy */;
		};
/* End PBXTargetDependency section */

/* Begin XCBuildConfiguration section */
		2ACC21C424A16C79005B36D0 /* Debug */ = {
			isa = XCBuildConfiguration;
			buildSettings = {
				ALWAYS_SEARCH_USER_PATHS = NO;
				CLANG_ANALYZER_NONNULL = YES;
				CLANG_ANALYZER_NUMBER_OBJECT_CONVERSION = YES_AGGRESSIVE;
				CLANG_CXX_LANGUAGE_STANDARD = "gnu++14";
				CLANG_CXX_LIBRARY = "libc++";
				CLANG_ENABLE_MODULES = YES;
				CLANG_ENABLE_OBJC_ARC = YES;
				CLANG_ENABLE_OBJC_WEAK = YES;
				CLANG_WARN_BLOCK_CAPTURE_AUTORELEASING = YES;
				CLANG_WARN_BOOL_CONVERSION = YES;
				CLANG_WARN_COMMA = YES;
				CLANG_WARN_CONSTANT_CONVERSION = YES;
				CLANG_WARN_DEPRECATED_OBJC_IMPLEMENTATIONS = YES;
				CLANG_WARN_DIRECT_OBJC_ISA_USAGE = YES_ERROR;
				CLANG_WARN_DOCUMENTATION_COMMENTS = YES;
				CLANG_WARN_EMPTY_BODY = YES;
				CLANG_WARN_ENUM_CONVERSION = YES;
				CLANG_WARN_INFINITE_RECURSION = YES;
				CLANG_WARN_INT_CONVERSION = YES;
				CLANG_WARN_NON_LITERAL_NULL_CONVERSION = YES;
				CLANG_WARN_OBJC_IMPLICIT_RETAIN_SELF = YES;
				CLANG_WARN_OBJC_LITERAL_CONVERSION = YES;
				CLANG_WARN_OBJC_ROOT_CLASS = YES_ERROR;
				CLANG_WARN_QUOTED_INCLUDE_IN_FRAMEWORK_HEADER = YES;
				CLANG_WARN_RANGE_LOOP_ANALYSIS = YES;
				CLANG_WARN_STRICT_PROTOTYPES = YES;
				CLANG_WARN_SUSPICIOUS_MOVE = YES;
				CLANG_WARN_UNGUARDED_AVAILABILITY = YES_AGGRESSIVE;
				CLANG_WARN_UNREACHABLE_CODE = YES;
				CLANG_WARN__DUPLICATE_METHOD_MATCH = YES;
				COPY_PHASE_STRIP = NO;
				DEBUG_INFORMATION_FORMAT = dwarf;
				ENABLE_STRICT_OBJC_MSGSEND = YES;
				ENABLE_TESTABILITY = YES;
				GCC_C_LANGUAGE_STANDARD = gnu11;
				GCC_DYNAMIC_NO_PIC = NO;
				GCC_NO_COMMON_BLOCKS = YES;
				GCC_OPTIMIZATION_LEVEL = 0;
				GCC_PREPROCESSOR_DEFINITIONS = (
					"DEBUG=1",
					"$(inherited)",
				);
				GCC_WARN_64_TO_32_BIT_CONVERSION = YES;
				GCC_WARN_ABOUT_RETURN_TYPE = YES_ERROR;
				GCC_WARN_UNDECLARED_SELECTOR = YES;
				GCC_WARN_UNINITIALIZED_AUTOS = YES_AGGRESSIVE;
				GCC_WARN_UNUSED_FUNCTION = YES;
				GCC_WARN_UNUSED_VARIABLE = YES;
				IPHONEOS_DEPLOYMENT_TARGET = 14.0;
				MTL_ENABLE_DEBUG_INFO = INCLUDE_SOURCE;
				MTL_FAST_MATH = YES;
				ONLY_ACTIVE_ARCH = YES;
				SWIFT_ACTIVE_COMPILATION_CONDITIONS = DEBUG;
				SWIFT_OPTIMIZATION_LEVEL = "-Onone";
			};
			name = Debug;
		};
		2ACC21C524A16C79005B36D0 /* Release */ = {
			isa = XCBuildConfiguration;
			buildSettings = {
				ALWAYS_SEARCH_USER_PATHS = NO;
				CLANG_ANALYZER_NONNULL = YES;
				CLANG_ANALYZER_NUMBER_OBJECT_CONVERSION = YES_AGGRESSIVE;
				CLANG_CXX_LANGUAGE_STANDARD = "gnu++14";
				CLANG_CXX_LIBRARY = "libc++";
				CLANG_ENABLE_MODULES = YES;
				CLANG_ENABLE_OBJC_ARC = YES;
				CLANG_ENABLE_OBJC_WEAK = YES;
				CLANG_WARN_BLOCK_CAPTURE_AUTORELEASING = YES;
				CLANG_WARN_BOOL_CONVERSION = YES;
				CLANG_WARN_COMMA = YES;
				CLANG_WARN_CONSTANT_CONVERSION = YES;
				CLANG_WARN_DEPRECATED_OBJC_IMPLEMENTATIONS = YES;
				CLANG_WARN_DIRECT_OBJC_ISA_USAGE = YES_ERROR;
				CLANG_WARN_DOCUMENTATION_COMMENTS = YES;
				CLANG_WARN_EMPTY_BODY = YES;
				CLANG_WARN_ENUM_CONVERSION = YES;
				CLANG_WARN_INFINITE_RECURSION = YES;
				CLANG_WARN_INT_CONVERSION = YES;
				CLANG_WARN_NON_LITERAL_NULL_CONVERSION = YES;
				CLANG_WARN_OBJC_IMPLICIT_RETAIN_SELF = YES;
				CLANG_WARN_OBJC_LITERAL_CONVERSION = YES;
				CLANG_WARN_OBJC_ROOT_CLASS = YES_ERROR;
				CLANG_WARN_QUOTED_INCLUDE_IN_FRAMEWORK_HEADER = YES;
				CLANG_WARN_RANGE_LOOP_ANALYSIS = YES;
				CLANG_WARN_STRICT_PROTOTYPES = YES;
				CLANG_WARN_SUSPICIOUS_MOVE = YES;
				CLANG_WARN_UNGUARDED_AVAILABILITY = YES_AGGRESSIVE;
				CLANG_WARN_UNREACHABLE_CODE = YES;
				CLANG_WARN__DUPLICATE_METHOD_MATCH = YES;
				COPY_PHASE_STRIP = NO;
				DEBUG_INFORMATION_FORMAT = "dwarf-with-dsym";
				ENABLE_NS_ASSERTIONS = NO;
				ENABLE_STRICT_OBJC_MSGSEND = YES;
				GCC_C_LANGUAGE_STANDARD = gnu11;
				GCC_NO_COMMON_BLOCKS = YES;
				GCC_WARN_64_TO_32_BIT_CONVERSION = YES;
				GCC_WARN_ABOUT_RETURN_TYPE = YES_ERROR;
				GCC_WARN_UNDECLARED_SELECTOR = YES;
				GCC_WARN_UNINITIALIZED_AUTOS = YES_AGGRESSIVE;
				GCC_WARN_UNUSED_FUNCTION = YES;
				GCC_WARN_UNUSED_VARIABLE = YES;
				IPHONEOS_DEPLOYMENT_TARGET = 14.0;
				MTL_ENABLE_DEBUG_INFO = NO;
				MTL_FAST_MATH = YES;
				SWIFT_COMPILATION_MODE = wholemodule;
				SWIFT_OPTIMIZATION_LEVEL = "-O";
			};
			name = Release;
		};
		2ACC21C724A16C79005B36D0 /* Debug */ = {
			isa = XCBuildConfiguration;
			buildSettings = {
				ASSETCATALOG_COMPILER_APPICON_NAME = AppIcon;
				ASSETCATALOG_COMPILER_GLOBAL_ACCENT_COLOR_NAME = AccentColor;
				CODE_SIGN_STYLE = Automatic;
				DEVELOPMENT_ASSET_PATHS = "Preview\\ Content";
				DEVELOPMENT_TEAM = 2RQ82SNR8Q;
				ENABLE_PREVIEWS = YES;
				INFOPLIST_FILE = iOS/Info.plist;
				IPHONEOS_DEPLOYMENT_TARGET = 14.0;
				LD_RUNPATH_SEARCH_PATHS = (
					"$(inherited)",
					"@executable_path/Frameworks",
				);
				MARKETING_VERSION = 0.5;
				PRODUCT_BUNDLE_IDENTIFIER = com.swiftysanders.GoodServiceIO2020;
				PRODUCT_NAME = GoodServiceIO2020;
				SDKROOT = iphoneos;
				SWIFT_VERSION = 5.0;
				TARGETED_DEVICE_FAMILY = 1;
			};
			name = Debug;
		};
		2ACC21C824A16C79005B36D0 /* Release */ = {
			isa = XCBuildConfiguration;
			buildSettings = {
				ASSETCATALOG_COMPILER_APPICON_NAME = AppIcon;
				ASSETCATALOG_COMPILER_GLOBAL_ACCENT_COLOR_NAME = AccentColor;
				CODE_SIGN_STYLE = Automatic;
				DEVELOPMENT_ASSET_PATHS = "Preview\\ Content";
				DEVELOPMENT_TEAM = 2RQ82SNR8Q;
				ENABLE_PREVIEWS = YES;
				INFOPLIST_FILE = iOS/Info.plist;
				IPHONEOS_DEPLOYMENT_TARGET = 14.0;
				LD_RUNPATH_SEARCH_PATHS = (
					"$(inherited)",
					"@executable_path/Frameworks",
				);
				MARKETING_VERSION = 0.5;
				PRODUCT_BUNDLE_IDENTIFIER = com.swiftysanders.GoodServiceIO2020;
				PRODUCT_NAME = GoodServiceIO2020;
				SDKROOT = iphoneos;
				SWIFT_VERSION = 5.0;
				TARGETED_DEVICE_FAMILY = 1;
				VALIDATE_PRODUCT = YES;
			};
			name = Release;
		};
		2ACC21CD24A16C79005B36D0 /* Debug */ = {
			isa = XCBuildConfiguration;
			buildSettings = {
				ALWAYS_EMBED_SWIFT_STANDARD_LIBRARIES = YES;
				CODE_SIGN_STYLE = Automatic;
				DEVELOPMENT_TEAM = 2RQ82SNR8Q;
				INFOPLIST_FILE = "Tests iOS/Info.plist";
				IPHONEOS_DEPLOYMENT_TARGET = 14.0;
				LD_RUNPATH_SEARCH_PATHS = (
					"$(inherited)",
					"@executable_path/Frameworks",
					"@loader_path/Frameworks",
				);
				PRODUCT_BUNDLE_IDENTIFIER = "com.gayngler.Tests-iOS";
				PRODUCT_NAME = "$(TARGET_NAME)";
				SDKROOT = iphoneos;
				SWIFT_VERSION = 5.0;
				TARGETED_DEVICE_FAMILY = "1,2";
				TEST_TARGET_NAME = iOS;
			};
			name = Debug;
		};
		2ACC21CE24A16C79005B36D0 /* Release */ = {
			isa = XCBuildConfiguration;
			buildSettings = {
				ALWAYS_EMBED_SWIFT_STANDARD_LIBRARIES = YES;
				CODE_SIGN_STYLE = Automatic;
				DEVELOPMENT_TEAM = 2RQ82SNR8Q;
				INFOPLIST_FILE = "Tests iOS/Info.plist";
				IPHONEOS_DEPLOYMENT_TARGET = 14.0;
				LD_RUNPATH_SEARCH_PATHS = (
					"$(inherited)",
					"@executable_path/Frameworks",
					"@loader_path/Frameworks",
				);
				PRODUCT_BUNDLE_IDENTIFIER = "com.gayngler.Tests-iOS";
				PRODUCT_NAME = "$(TARGET_NAME)";
				SDKROOT = iphoneos;
				SWIFT_VERSION = 5.0;
				TARGETED_DEVICE_FAMILY = "1,2";
				TEST_TARGET_NAME = iOS;
				VALIDATE_PRODUCT = YES;
			};
			name = Release;
		};
/* End XCBuildConfiguration section */

/* Begin XCConfigurationList section */
		2ACC219324A16C78005B36D0 /* Build configuration list for PBXProject "GoodServiceIO2020" */ = {
			isa = XCConfigurationList;
			buildConfigurations = (
				2ACC21C424A16C79005B36D0 /* Debug */,
				2ACC21C524A16C79005B36D0 /* Release */,
			);
			defaultConfigurationIsVisible = 0;
			defaultConfigurationName = Release;
		};
		2ACC21C624A16C79005B36D0 /* Build configuration list for PBXNativeTarget "GoodServiceIO" */ = {
			isa = XCConfigurationList;
			buildConfigurations = (
				2ACC21C724A16C79005B36D0 /* Debug */,
				2ACC21C824A16C79005B36D0 /* Release */,
			);
			defaultConfigurationIsVisible = 0;
			defaultConfigurationName = Release;
		};
		2ACC21CC24A16C79005B36D0 /* Build configuration list for PBXNativeTarget "Tests iOS" */ = {
			isa = XCConfigurationList;
			buildConfigurations = (
				2ACC21CD24A16C79005B36D0 /* Debug */,
				2ACC21CE24A16C79005B36D0 /* Release */,
			);
			defaultConfigurationIsVisible = 0;
			defaultConfigurationName = Release;
		};
/* End XCConfigurationList section */

/* Begin XCVersionGroup section */
		2A8010D524D08E210086433D /* Favorites.xcdatamodeld */ = {
			isa = XCVersionGroup;
			children = (
				2A8010D624D08E210086433D /* Favorites.xcdatamodel */,
			);
			currentVersion = 2A8010D624D08E210086433D /* Favorites.xcdatamodel */;
			path = Favorites.xcdatamodeld;
			sourceTree = "<group>";
			versionGroupType = wrapper.xcdatamodel;
		};
/* End XCVersionGroup section */
	};
	rootObject = 2ACC219024A16C78005B36D0 /* Project object */;
}
